
Microsoft Visual Studio Solution File, Format Version 12.00
# Visual Studio Version 16
VisualStudioVersion = 16.0.29613.14
MinimumVisualStudioVersion = 10.0.40219.1
Project("{FAE04EC0-301F-11D3-BF4B-00C04F79EFBC}") = "PrototypingASPNETCoreWithGraphQL", "PrototypingASPNETCoreWithGraphQL\PrototypingASPNETCoreWithGraphQL.csproj", "{2355FDBC-328C-4733-AEF3-80C25818B822}"
EndProject
Global
	GlobalSection(SolutionConfigurationPlatforms) = preSolution
		Debug|Any CPU = Debug|Any CPU
		Release|Any CPU = Release|Any CPU
	EndGlobalSection
	GlobalSection(ProjectConfigurationPlatforms) = postSolution
		{2355FDBC-328C-4733-AEF3-80C25818B822}.Debug|Any CPU.ActiveCfg = Debug|Any CPU
		{2355FDBC-328C-4733-AEF3-80C25818B822}.Debug|Any CPU.Build.0 = Debug|Any CPU
		{2355FDBC-328C-4733-AEF3-80C25818B822}.Release|Any CPU.ActiveCfg = Release|Any CPU
		{2355FDBC-328C-4733-AEF3-80C25818B822}.Release|Any CPU.Build.0 = Release|Any CPU
	EndGlobalSection
	GlobalSection(SolutionProperties) = preSolution
		HideSolutionNode = FALSE
	EndGlobalSection
	GlobalSection(ExtensibilityGlobals) = postSolution
		SolutionGuid = {FD944689-5514-4EB9-8DEA-B3AF1F4E7A53}
	EndGlobalSection
EndGlobal
